
Microsoft Visual Studio Solution File, Format Version 12.00
# Visual Studio Version 17
VisualStudioVersion = 17.9.34607.119
MinimumVisualStudioVersion = 10.0.40219.1
Project("{8BC9CEB8-8B4A-11D0-8D11-00A0C91BC942}") = "Project2", "Project2\Project2.vcxproj", "{99689ECF-7F56-4F9F-9D71-4CFE1C9FA421}"
EndProject
Global
	GlobalSection(SolutionConfigurationPlatforms) = preSolution
		Debug|x64 = Debug|x64
		Debug|x86 = Debug|x86
		Release|x64 = Release|x64
		Release|x86 = Release|x86
	EndGlobalSection
	GlobalSection(ProjectConfigurationPlatforms) = postSolution
		{99689ECF-7F56-4F9F-9D71-4CFE1C9FA421}.Debug|x64.ActiveCfg = Debug|x64
		{99689ECF-7F56-4F9F-9D71-4CFE1C9FA421}.Debug|x64.Build.0 = Debug|x64
		{99689ECF-7F56-4F9F-9D71-4CFE1C9FA421}.Debug|x86.ActiveCfg = Debug|Win32
		{99689ECF-7F56-4F9F-9D71-4CFE1C9FA421}.Debug|x86.Build.0 = Debug|Win32
		{99689ECF-7F56-4F9F-9D71-4CFE1C9FA421}.Release|x64.ActiveCfg = Release|x64
		{99689ECF-7F56-4F9F-9D71-4CFE1C9FA421}.Release|x64.Build.0 = Release|x64
		{99689ECF-7F56-4F9F-9D71-4CFE1C9FA421}.Release|x86.ActiveCfg = Release|Win32
		{99689ECF-7F56-4F9F-9D71-4CFE1C9FA421}.Release|x86.Build.0 = Release|Win32
	EndGlobalSection
	GlobalSection(SolutionProperties) = preSolution
		HideSolutionNode = FALSE
	EndGlobalSection
	GlobalSection(ExtensibilityGlobals) = postSolution
		SolutionGuid = {8CCB4405-443E-4F8C-AB31-B4BFFEC39D60}
	EndGlobalSection
EndGlobal
