
Microsoft Visual Studio Solution File, Format Version 12.00
# Visual Studio Version 17
VisualStudioVersion = 17.9.34607.119
MinimumVisualStudioVersion = 10.0.40219.1
Project("{8BC9CEB8-8B4A-11D0-8D11-00A0C91BC942}") = "Project1", "Project1\Project1.vcxproj", "{D80996C3-3EF0-4FBA-820B-50E5CFE8A9F2}"
EndProject
Global
	GlobalSection(SolutionConfigurationPlatforms) = preSolution
		Debug|x64 = Debug|x64
		Debug|x86 = Debug|x86
		Release|x64 = Release|x64
		Release|x86 = Release|x86
	EndGlobalSection
	GlobalSection(ProjectConfigurationPlatforms) = postSolution
		{D80996C3-3EF0-4FBA-820B-50E5CFE8A9F2}.Debug|x64.ActiveCfg = Debug|x64
		{D80996C3-3EF0-4FBA-820B-50E5CFE8A9F2}.Debug|x64.Build.0 = Debug|x64
		{D80996C3-3EF0-4FBA-820B-50E5CFE8A9F2}.Debug|x86.ActiveCfg = Debug|Win32
		{D80996C3-3EF0-4FBA-820B-50E5CFE8A9F2}.Debug|x86.Build.0 = Debug|Win32
		{D80996C3-3EF0-4FBA-820B-50E5CFE8A9F2}.Release|x64.ActiveCfg = Release|x64
		{D80996C3-3EF0-4FBA-820B-50E5CFE8A9F2}.Release|x64.Build.0 = Release|x64
		{D80996C3-3EF0-4FBA-820B-50E5CFE8A9F2}.Release|x86.ActiveCfg = Release|Win32
		{D80996C3-3EF0-4FBA-820B-50E5CFE8A9F2}.Release|x86.Build.0 = Release|Win32
	EndGlobalSection
	GlobalSection(SolutionProperties) = preSolution
		HideSolutionNode = FALSE
	EndGlobalSection
	GlobalSection(ExtensibilityGlobals) = postSolution
		SolutionGuid = {1E1109DF-4B02-43DB-A660-3E6F0DB71F54}
	EndGlobalSection
EndGlobal
